
Microsoft Visual Studio Solution File, Format Version 12.00
# Visual Studio 15
VisualStudioVersion = 15.0.28010.2016
MinimumVisualStudioVersion = 10.0.40219.1
Project("{9A19103F-16F7-4668-BE54-9A1E7A4F7556}") = "IFBN.Web", "src\IFBN.Web\IFBN.Web.csproj", "{2AE38B41-5176-420E-A24A-88EAFCB37E75}"
EndProject
Project("{9A19103F-16F7-4668-BE54-9A1E7A4F7556}") = "IFBN.Data", "src\IFBN.Data\IFBN.Data.csproj", "{81087551-5E4E-44B5-A051-C562A0ABC7E0}"
EndProject
Project("{9A19103F-16F7-4668-BE54-9A1E7A4F7556}") = "IFBN.Data.Import", "src\IFBN.Data.Import\IFBN.Data.Import.csproj", "{04A1F1E5-65B0-4E25-A5F1-9F8040A0A51A}"
EndProject
Global
	GlobalSection(SolutionConfigurationPlatforms) = preSolution
		Debug|Any CPU = Debug|Any CPU
		Release|Any CPU = Release|Any CPU
	EndGlobalSection
	GlobalSection(ProjectConfigurationPlatforms) = postSolution
		{2AE38B41-5176-420E-A24A-88EAFCB37E75}.Debug|Any CPU.ActiveCfg = Debug|Any CPU
		{2AE38B41-5176-420E-A24A-88EAFCB37E75}.Debug|Any CPU.Build.0 = Debug|Any CPU
		{2AE38B41-5176-420E-A24A-88EAFCB37E75}.Release|Any CPU.ActiveCfg = Release|Any CPU
		{2AE38B41-5176-420E-A24A-88EAFCB37E75}.Release|Any CPU.Build.0 = Release|Any CPU
		{81087551-5E4E-44B5-A051-C562A0ABC7E0}.Debug|Any CPU.ActiveCfg = Debug|Any CPU
		{81087551-5E4E-44B5-A051-C562A0ABC7E0}.Debug|Any CPU.Build.0 = Debug|Any CPU
		{81087551-5E4E-44B5-A051-C562A0ABC7E0}.Release|Any CPU.ActiveCfg = Release|Any CPU
		{81087551-5E4E-44B5-A051-C562A0ABC7E0}.Release|Any CPU.Build.0 = Release|Any CPU
		{04A1F1E5-65B0-4E25-A5F1-9F8040A0A51A}.Debug|Any CPU.ActiveCfg = Debug|Any CPU
		{04A1F1E5-65B0-4E25-A5F1-9F8040A0A51A}.Debug|Any CPU.Build.0 = Debug|Any CPU
		{04A1F1E5-65B0-4E25-A5F1-9F8040A0A51A}.Release|Any CPU.ActiveCfg = Release|Any CPU
		{04A1F1E5-65B0-4E25-A5F1-9F8040A0A51A}.Release|Any CPU.Build.0 = Release|Any CPU
	EndGlobalSection
	GlobalSection(SolutionProperties) = preSolution
		HideSolutionNode = FALSE
	EndGlobalSection
	GlobalSection(ExtensibilityGlobals) = postSolution
		SolutionGuid = {27ECB1D6-A257-423C-8D07-1F1AF0030AEE}
	EndGlobalSection
EndGlobal
